// !$*UTF8*$!
{
	archiveVersion = 1;
	classes = {
	};
	objectVersion = 50;
	objects = {

/* Begin PBXBuildFile section */
		1F035FD1212F037D0080D0ED /* SymbolTable.cpp in Sources */ = {isa = PBXBuildFile; fileRef = 1F035FCF212F037D0080D0ED /* SymbolTable.cpp */; };
		1F035FD4212F087C0080D0ED /* Storage.cpp in Sources */ = {isa = PBXBuildFile; fileRef = 1F035FD2212F087C0080D0ED /* Storage.cpp */; };
		1F29AD5921314B75006F1A44 /* Calc.cpp in Sources */ = {isa = PBXBuildFile; fileRef = 1F29AD5721314B75006F1A44 /* Calc.cpp */; };
		1F29AD5C213159FE006F1A44 /* FunctionTable.cpp in Sources */ = {isa = PBXBuildFile; fileRef = 1F29AD5A213159FE006F1A44 /* FunctionTable.cpp */; };
		6015133A211567A30082F8BA /* Node.cpp in Sources */ = {isa = PBXBuildFile; fileRef = 60151334211567A30082F8BA /* Node.cpp */; };
		6015133B211567A30082F8BA /* Scanner.cpp in Sources */ = {isa = PBXBuildFile; fileRef = 60151335211567A30082F8BA /* Scanner.cpp */; };
		6015133C211567A30082F8BA /* Parser.cpp in Sources */ = {isa = PBXBuildFile; fileRef = 60151338211567A30082F8BA /* Parser.cpp */; };
		6015133D211567A30082F8BA /* main.cpp in Sources */ = {isa = PBXBuildFile; fileRef = 60151339211567A30082F8BA /* main.cpp */; };
/* End PBXBuildFile section */

/* Begin PBXCopyFilesBuildPhase section */
		6079D33C20DDEFF600504165 /* CopyFiles */ = {
			isa = PBXCopyFilesBuildPhase;
			buildActionMask = 2147483647;
			dstPath = /usr/share/man/man1/;
			dstSubfolderSpec = 0;
			files = (
			);
			runOnlyForDeploymentPostprocessing = 1;
		};
/* End PBXCopyFilesBuildPhase section */

/* Begin PBXFileReference section */
		1F035FCF212F037D0080D0ED /* SymbolTable.cpp */ = {isa = PBXFileReference; lastKnownFileType = sourcecode.cpp.cpp; path = SymbolTable.cpp; sourceTree = "<group>"; };
		1F035FD0212F037D0080D0ED /* SymbolTable.hpp */ = {isa = PBXFileReference; lastKnownFileType = sourcecode.cpp.h; path = SymbolTable.hpp; sourceTree = "<group>"; };
		1F035FD2212F087C0080D0ED /* Storage.cpp */ = {isa = PBXFileReference; lastKnownFileType = sourcecode.cpp.cpp; path = Storage.cpp; sourceTree = "<group>"; };
		1F035FD3212F087C0080D0ED /* Storage.hpp */ = {isa = PBXFileReference; lastKnownFileType = sourcecode.cpp.h; path = Storage.hpp; sourceTree = "<group>"; };
		1F29AD5721314B75006F1A44 /* Calc.cpp */ = {isa = PBXFileReference; lastKnownFileType = sourcecode.cpp.cpp; path = Calc.cpp; sourceTree = "<group>"; };
		1F29AD5821314B75006F1A44 /* Calc.hpp */ = {isa = PBXFileReference; lastKnownFileType = sourcecode.cpp.h; path = Calc.hpp; sourceTree = "<group>"; };
		1F29AD5A213159FE006F1A44 /* FunctionTable.cpp */ = {isa = PBXFileReference; lastKnownFileType = sourcecode.cpp.cpp; path = FunctionTable.cpp; sourceTree = "<group>"; };
		1F29AD5B213159FE006F1A44 /* FunctionTable.hpp */ = {isa = PBXFileReference; lastKnownFileType = sourcecode.cpp.h; path = FunctionTable.hpp; sourceTree = "<group>"; };
		60151333211567A30082F8BA /* Parser.hpp */ = {isa = PBXFileReference; fileEncoding = 4; lastKnownFileType = sourcecode.cpp.h; path = Parser.hpp; sourceTree = "<group>"; };
		60151334211567A30082F8BA /* Node.cpp */ = {isa = PBXFileReference; fileEncoding = 4; lastKnownFileType = sourcecode.cpp.cpp; path = Node.cpp; sourceTree = "<group>"; };
		60151335211567A30082F8BA /* Scanner.cpp */ = {isa = PBXFileReference; fileEncoding = 4; lastKnownFileType = sourcecode.cpp.cpp; path = Scanner.cpp; sourceTree = "<group>"; };
		60151336211567A30082F8BA /* Node.hpp */ = {isa = PBXFileReference; fileEncoding = 4; lastKnownFileType = sourcecode.cpp.h; path = Node.hpp; sourceTree = "<group>"; };
		60151337211567A30082F8BA /* Scanner.hpp */ = {isa = PBXFileReference; fileEncoding = 4; lastKnownFileType = sourcecode.cpp.h; path = Scanner.hpp; sourceTree = "<group>"; };
		60151338211567A30082F8BA /* Parser.cpp */ = {isa = PBXFileReference; fileEncoding = 4; lastKnownFileType = sourcecode.cpp.cpp; path = Parser.cpp; sourceTree = "<group>"; };
		60151339211567A30082F8BA /* main.cpp */ = {isa = PBXFileReference; fileEncoding = 4; lastKnownFileType = sourcecode.cpp.cpp; path = main.cpp; sourceTree = "<group>"; };
		6079D33E20DDEFF600504165 /* LeanCPP */ = {isa = PBXFileReference; explicitFileType = "compiled.mach-o.executable"; includeInIndex = 0; path = LeanCPP; sourceTree = BUILT_PRODUCTS_DIR; };
/* End PBXFileReference section */

/* Begin PBXFrameworksBuildPhase section */
		6079D33B20DDEFF600504165 /* Frameworks */ = {
			isa = PBXFrameworksBuildPhase;
			buildActionMask = 2147483647;
			files = (
			);
			runOnlyForDeploymentPostprocessing = 0;
		};
/* End PBXFrameworksBuildPhase section */

/* Begin PBXGroup section */
		60151331211567A30082F8BA /* LearnCPP */ = {
			isa = PBXGroup;
			children = (
				60151332211567A30082F8BA /* Caculator */,
			);
			path = LearnCPP;
			sourceTree = "<group>";
		};
		60151332211567A30082F8BA /* Caculator */ = {
			isa = PBXGroup;
			children = (
				60151338211567A30082F8BA /* Parser.cpp */,
				60151333211567A30082F8BA /* Parser.hpp */,
				60151334211567A30082F8BA /* Node.cpp */,
				60151336211567A30082F8BA /* Node.hpp */,
				60151335211567A30082F8BA /* Scanner.cpp */,
				60151337211567A30082F8BA /* Scanner.hpp */,
				60151339211567A30082F8BA /* main.cpp */,
				1F035FCF212F037D0080D0ED /* SymbolTable.cpp */,
				1F035FD0212F037D0080D0ED /* SymbolTable.hpp */,
				1F035FD2212F087C0080D0ED /* Storage.cpp */,
				1F035FD3212F087C0080D0ED /* Storage.hpp */,
				1F29AD5721314B75006F1A44 /* Calc.cpp */,
				1F29AD5821314B75006F1A44 /* Calc.hpp */,
				1F29AD5A213159FE006F1A44 /* FunctionTable.cpp */,
				1F29AD5B213159FE006F1A44 /* FunctionTable.hpp */,
			);
			path = Caculator;
			sourceTree = "<group>";
		};
		6079D33520DDEFF600504165 = {
			isa = PBXGroup;
			children = (
				60151331211567A30082F8BA /* LearnCPP */,
				6079D33F20DDEFF600504165 /* Products */,
			);
			sourceTree = "<group>";
		};
		6079D33F20DDEFF600504165 /* Products */ = {
			isa = PBXGroup;
			children = (
				6079D33E20DDEFF600504165 /* LeanCPP */,
			);
			name = Products;
			sourceTree = "<group>";
		};
/* End PBXGroup section */

/* Begin PBXNativeTarget section */
		6079D33D20DDEFF600504165 /* LeanCPP */ = {
			isa = PBXNativeTarget;
			buildConfigurationList = 6079D34520DDEFF600504165 /* Build configuration list for PBXNativeTarget "LeanCPP" */;
			buildPhases = (
				6079D33A20DDEFF600504165 /* Sources */,
				6079D33B20DDEFF600504165 /* Frameworks */,
				6079D33C20DDEFF600504165 /* CopyFiles */,
			);
			buildRules = (
			);
			dependencies = (
			);
			name = LeanCPP;
			productName = LeanCPP;
			productReference = 6079D33E20DDEFF600504165 /* LeanCPP */;
			productType = "com.apple.product-type.tool";
		};
/* End PBXNativeTarget section */

/* Begin PBXProject section */
		6079D33620DDEFF600504165 /* Project object */ = {
			isa = PBXProject;
			attributes = {
				LastUpgradeCheck = 0940;
				ORGANIZATIONNAME = HansonStudio;
				TargetAttributes = {
					6079D33D20DDEFF600504165 = {
						CreatedOnToolsVersion = 9.4.1;
					};
				};
			};
			buildConfigurationList = 6079D33920DDEFF600504165 /* Build configuration list for PBXProject "LearnCPP" */;
			compatibilityVersion = "Xcode 9.3";
			developmentRegion = en;
			hasScannedForEncodings = 0;
			knownRegions = (
				en,
			);
			mainGroup = 6079D33520DDEFF600504165;
			productRefGroup = 6079D33F20DDEFF600504165 /* Products */;
			projectDirPath = "";
			projectRoot = "";
			targets = (
				6079D33D20DDEFF600504165 /* LeanCPP */,
			);
		};
/* End PBXProject section */

/* Begin PBXSourcesBuildPhase section */
		6079D33A20DDEFF600504165 /* Sources */ = {
			isa = PBXSourcesBuildPhase;
			buildActionMask = 2147483647;
			files = (
				1F29AD5C213159FE006F1A44 /* FunctionTable.cpp in Sources */,
				6015133B211567A30082F8BA /* Scanner.cpp in Sources */,
				1F29AD5921314B75006F1A44 /* Calc.cpp in Sources */,
				6015133C211567A30082F8BA /* Parser.cpp in Sources */,
				6015133D211567A30082F8BA /* main.cpp in Sources */,
				1F035FD4212F087C0080D0ED /* Storage.cpp in Sources */,
				6015133A211567A30082F8BA /* Node.cpp in Sources */,
				1F035FD1212F037D0080D0ED /* SymbolTable.cpp in Sources */,
			);
			runOnlyForDeploymentPostprocessing = 0;
		};
/* End PBXSourcesBuildPhase section */

/* Begin XCBuildConfiguration section */
		6079D34320DDEFF600504165 /* Debug */ = {
			isa = XCBuildConfiguration;
			buildSettings = {
				ALWAYS_SEARCH_USER_PATHS = NO;
				CLANG_ANALYZER_NONNULL = YES;
				CLANG_ANALYZER_NUMBER_OBJECT_CONVERSION = YES_AGGRESSIVE;
				CLANG_CXX_LANGUAGE_STANDARD = "gnu++14";
				CLANG_CXX_LIBRARY = "libc++";
				CLANG_ENABLE_MODULES = YES;
				CLANG_ENABLE_OBJC_ARC = YES;
				CLANG_ENABLE_OBJC_WEAK = YES;
				CLANG_WARN_BLOCK_CAPTURE_AUTORELEASING = YES;
				CLANG_WARN_BOOL_CONVERSION = YES;
				CLANG_WARN_COMMA = YES;
				CLANG_WARN_CONSTANT_CONVERSION = YES;
				CLANG_WARN_DEPRECATED_OBJC_IMPLEMENTATIONS = YES;
				CLANG_WARN_DIRECT_OBJC_ISA_USAGE = YES_ERROR;
				CLANG_WARN_DOCUMENTATION_COMMENTS = YES;
				CLANG_WARN_EMPTY_BODY = YES;
				CLANG_WARN_ENUM_CONVERSION = YES;
				CLANG_WARN_INFINITE_RECURSION = YES;
				CLANG_WARN_INT_CONVERSION = YES;
				CLANG_WARN_NON_LITERAL_NULL_CONVERSION = YES;
				CLANG_WARN_OBJC_IMPLICIT_RETAIN_SELF = YES;
				CLANG_WARN_OBJC_LITERAL_CONVERSION = YES;
				CLANG_WARN_OBJC_ROOT_CLASS = YES_ERROR;
				CLANG_WARN_RANGE_LOOP_ANALYSIS = YES;
				CLANG_WARN_STRICT_PROTOTYPES = YES;
				CLANG_WARN_SUSPICIOUS_MOVE = YES;
				CLANG_WARN_UNGUARDED_AVAILABILITY = YES_AGGRESSIVE;
				CLANG_WARN_UNREACHABLE_CODE = YES;
				CLANG_WARN__DUPLICATE_METHOD_MATCH = YES;
				CODE_SIGN_IDENTITY = "Mac Developer";
				COPY_PHASE_STRIP = NO;
				DEBUG_INFORMATION_FORMAT = dwarf;
				ENABLE_STRICT_OBJC_MSGSEND = YES;
				ENABLE_TESTABILITY = YES;
				GCC_C_LANGUAGE_STANDARD = gnu11;
				GCC_DYNAMIC_NO_PIC = NO;
				GCC_NO_COMMON_BLOCKS = YES;
				GCC_OPTIMIZATION_LEVEL = 0;
				GCC_PREPROCESSOR_DEFINITIONS = (
					"DEBUG=1",
					"$(inherited)",
				);
				GCC_WARN_64_TO_32_BIT_CONVERSION = YES;
				GCC_WARN_ABOUT_RETURN_TYPE = YES_ERROR;
				GCC_WARN_UNDECLARED_SELECTOR = YES;
				GCC_WARN_UNINITIALIZED_AUTOS = YES_AGGRESSIVE;
				GCC_WARN_UNUSED_FUNCTION = YES;
				GCC_WARN_UNUSED_VARIABLE = YES;
				MACOSX_DEPLOYMENT_TARGET = 10.13;
				MTL_ENABLE_DEBUG_INFO = YES;
				ONLY_ACTIVE_ARCH = YES;
				SDKROOT = macosx;
			};
			name = Debug;
		};
		6079D34420DDEFF600504165 /* Release */ = {
			isa = XCBuildConfiguration;
			buildSettings = {
				ALWAYS_SEARCH_USER_PATHS = NO;
				CLANG_ANALYZER_NONNULL = YES;
				CLANG_ANALYZER_NUMBER_OBJECT_CONVERSION = YES_AGGRESSIVE;
				CLANG_CXX_LANGUAGE_STANDARD = "gnu++14";
				CLANG_CXX_LIBRARY = "libc++";
				CLANG_ENABLE_MODULES = YES;
				CLANG_ENABLE_OBJC_ARC = YES;
				CLANG_ENABLE_OBJC_WEAK = YES;
				CLANG_WARN_BLOCK_CAPTURE_AUTORELEASING = YES;
				CLANG_WARN_BOOL_CONVERSION = YES;
				CLANG_WARN_COMMA = YES;
				CLANG_WARN_CONSTANT_CONVERSION = YES;
				CLANG_WARN_DEPRECATED_OBJC_IMPLEMENTATIONS = YES;
				CLANG_WARN_DIRECT_OBJC_ISA_USAGE = YES_ERROR;
				CLANG_WARN_DOCUMENTATION_COMMENTS = YES;
				CLANG_WARN_EMPTY_BODY = YES;
				CLANG_WARN_ENUM_CONVERSION = YES;
				CLANG_WARN_INFINITE_RECURSION = YES;
				CLANG_WARN_INT_CONVERSION = YES;
				CLANG_WARN_NON_LITERAL_NULL_CONVERSION = YES;
				CLANG_WARN_OBJC_IMPLICIT_RETAIN_SELF = YES;
				CLANG_WARN_OBJC_LITERAL_CONVERSION = YES;
				CLANG_WARN_OBJC_ROOT_CLASS = YES_ERROR;
				CLANG_WARN_RANGE_LOOP_ANALYSIS = YES;
				CLANG_WARN_STRICT_PROTOTYPES = YES;
				CLANG_WARN_SUSPICIOUS_MOVE = YES;
				CLANG_WARN_UNGUARDED_AVAILABILITY = YES_AGGRESSIVE;
				CLANG_WARN_UNREACHABLE_CODE = YES;
				CLANG_WARN__DUPLICATE_METHOD_MATCH = YES;
				CODE_SIGN_IDENTITY = "Mac Developer";
				COPY_PHASE_STRIP = NO;
				DEBUG_INFORMATION_FORMAT = "dwarf-with-dsym";
				ENABLE_NS_ASSERTIONS = NO;
				ENABLE_STRICT_OBJC_MSGSEND = YES;
				GCC_C_LANGUAGE_STANDARD = gnu11;
				GCC_NO_COMMON_BLOCKS = YES;
				GCC_WARN_64_TO_32_BIT_CONVERSION = YES;
				GCC_WARN_ABOUT_RETURN_TYPE = YES_ERROR;
				GCC_WARN_UNDECLARED_SELECTOR = YES;
				GCC_WARN_UNINITIALIZED_AUTOS = YES_AGGRESSIVE;
				GCC_WARN_UNUSED_FUNCTION = YES;
				GCC_WARN_UNUSED_VARIABLE = YES;
				MACOSX_DEPLOYMENT_TARGET = 10.13;
				MTL_ENABLE_DEBUG_INFO = NO;
				SDKROOT = macosx;
			};
			name = Release;
		};
		6079D34620DDEFF600504165 /* Debug */ = {
			isa = XCBuildConfiguration;
			buildSettings = {
				CODE_SIGN_STYLE = Automatic;
				DEVELOPMENT_TEAM = XC238MH24L;
				PRODUCT_NAME = "$(TARGET_NAME)";
			};
			name = Debug;
		};
		6079D34720DDEFF600504165 /* Release */ = {
			isa = XCBuildConfiguration;
			buildSettings = {
				CODE_SIGN_STYLE = Automatic;
				DEVELOPMENT_TEAM = XC238MH24L;
				PRODUCT_NAME = "$(TARGET_NAME)";
			};
			name = Release;
		};
/* End XCBuildConfiguration section */

/* Begin XCConfigurationList section */
		6079D33920DDEFF600504165 /* Build configuration list for PBXProject "LearnCPP" */ = {
			isa = XCConfigurationList;
			buildConfigurations = (
				6079D34320DDEFF600504165 /* Debug */,
				6079D34420DDEFF600504165 /* Release */,
			);
			defaultConfigurationIsVisible = 0;
			defaultConfigurationName = Release;
		};
		6079D34520DDEFF600504165 /* Build configuration list for PBXNativeTarget "LeanCPP" */ = {
			isa = XCConfigurationList;
			buildConfigurations = (
				6079D34620DDEFF600504165 /* Debug */,
				6079D34720DDEFF600504165 /* Release */,
			);
			defaultConfigurationIsVisible = 0;
			defaultConfigurationName = Release;
		};
/* End XCConfigurationList section */
	};
	rootObject = 6079D33620DDEFF600504165 /* Project object */;
}
